
Microsoft Visual Studio Solution File, Format Version 12.00
# Visual Studio Version 17
VisualStudioVersion = 17.0.32014.148
MinimumVisualStudioVersion = 10.0.40219.1
Project("{FAE04EC0-301F-11D3-BF4B-00C04F79EFBC}") = "IBasicVideoEffectSample", "IBasicVideoEffectSample\IBasicVideoEffectSample.csproj", "{F8039ECE-56E4-46B2-977A-0038B5131F9B}"
EndProject
Project("{FAE04EC0-301F-11D3-BF4B-00C04F79EFBC}") = "VideoEffectConsoleApp", "VideoEffectConsoleApp\VideoEffectConsoleApp.csproj", "{E29CBF9E-5D7E-49FB-91E2-B06A5872D7AB}"
EndProject
Global
	GlobalSection(SolutionConfigurationPlatforms) = preSolution
		Debug|x64 = Debug|x64
		Release|x64 = Release|x64
	EndGlobalSection
	GlobalSection(ProjectConfigurationPlatforms) = postSolution
		{F8039ECE-56E4-46B2-977A-0038B5131F9B}.Debug|x64.ActiveCfg = Debug|x64
		{F8039ECE-56E4-46B2-977A-0038B5131F9B}.Debug|x64.Build.0 = Debug|x64
		{F8039ECE-56E4-46B2-977A-0038B5131F9B}.Release|x64.ActiveCfg = Release|Any CPU
		{F8039ECE-56E4-46B2-977A-0038B5131F9B}.Release|x64.Build.0 = Release|Any CPU
		{E29CBF9E-5D7E-49FB-91E2-B06A5872D7AB}.Debug|x64.ActiveCfg = Debug|x64
		{E29CBF9E-5D7E-49FB-91E2-B06A5872D7AB}.Debug|x64.Build.0 = Debug|x64
		{E29CBF9E-5D7E-49FB-91E2-B06A5872D7AB}.Release|x64.ActiveCfg = Release|Any CPU
		{E29CBF9E-5D7E-49FB-91E2-B06A5872D7AB}.Release|x64.Build.0 = Release|Any CPU
	EndGlobalSection
	GlobalSection(SolutionProperties) = preSolution
		HideSolutionNode = FALSE
	EndGlobalSection
	GlobalSection(ExtensibilityGlobals) = postSolution
		SolutionGuid = {EC5BD816-A802-4635-B739-A80A5D12C733}
	EndGlobalSection
EndGlobal
